
Microsoft Visual Studio Solution File, Format Version 12.00
# Visual Studio 2015
Project("{FAE04EC0-301F-11D3-BF4B-00C04F79EFBC}") = "Irresponsible Constructors.CSharp.Plugins", "Irresponsible Constructors.CSharp.Plugins.csproj", "{7A823BC2-0142-09A4-88ED-53179FDD4AF8}"
EndProject
Project("{FAE04EC0-301F-11D3-BF4B-00C04F79EFBC}") = "Irresponsible Constructors.CSharp", "Irresponsible Constructors.CSharp.csproj", "{D08098AB-6422-01F2-89D6-B81F2D2F5E84}"
EndProject
Project("{FAE04EC0-301F-11D3-BF4B-00C04F79EFBC}") = "Irresponsible Constructors.CSharp.Editor.Plugins", "Irresponsible Constructors.CSharp.Editor.Plugins.csproj", "{1A3ECB8A-7AC0-49FE-119C-53BB2242A7E5}"
EndProject
Global
	GlobalSection(SolutionConfigurationPlatforms) = preSolution
		Debug|Any CPU = Debug|Any CPU
		Release|Any CPU = Release|Any CPU
	EndGlobalSection
	GlobalSection(ProjectConfigurationPlatforms) = postSolution
		{7A823BC2-0142-09A4-88ED-53179FDD4AF8}.Debug|Any CPU.ActiveCfg = Debug|Any CPU
		{7A823BC2-0142-09A4-88ED-53179FDD4AF8}.Debug|Any CPU.Build.0 = Debug|Any CPU
		{7A823BC2-0142-09A4-88ED-53179FDD4AF8}.Release|Any CPU.ActiveCfg = Release|Any CPU
		{7A823BC2-0142-09A4-88ED-53179FDD4AF8}.Release|Any CPU.Build.0 = Release|Any CPU
		{D08098AB-6422-01F2-89D6-B81F2D2F5E84}.Debug|Any CPU.ActiveCfg = Debug|Any CPU
		{D08098AB-6422-01F2-89D6-B81F2D2F5E84}.Debug|Any CPU.Build.0 = Debug|Any CPU
		{D08098AB-6422-01F2-89D6-B81F2D2F5E84}.Release|Any CPU.ActiveCfg = Release|Any CPU
		{D08098AB-6422-01F2-89D6-B81F2D2F5E84}.Release|Any CPU.Build.0 = Release|Any CPU
		{1A3ECB8A-7AC0-49FE-119C-53BB2242A7E5}.Debug|Any CPU.ActiveCfg = Debug|Any CPU
		{1A3ECB8A-7AC0-49FE-119C-53BB2242A7E5}.Debug|Any CPU.Build.0 = Debug|Any CPU
		{1A3ECB8A-7AC0-49FE-119C-53BB2242A7E5}.Release|Any CPU.ActiveCfg = Release|Any CPU
		{1A3ECB8A-7AC0-49FE-119C-53BB2242A7E5}.Release|Any CPU.Build.0 = Release|Any CPU
	EndGlobalSection
	GlobalSection(SolutionProperties) = preSolution
		HideSolutionNode = FALSE
	EndGlobalSection
EndGlobal
